
Microsoft Visual Studio Solution File, Format Version 12.00
# Visual Studio 15
VisualStudioVersion = 15.0.28307.1500
MinimumVisualStudioVersion = 10.0.40219.1
Project("{E24C65DC-7377-472B-9ABA-BC803B73C61A}") = "Agroya", "Agroya\", "{0EB69CBE-8872-455A-B8D9-62138E717A9C}"
	ProjectSection(WebsiteProperties) = preProject
		TargetFrameworkMoniker = ".NETFramework,Version%3Dv4.6.1"
		Debug.AspNetCompiler.VirtualPath = "/localhost_52095"
		Debug.AspNetCompiler.PhysicalPath = "Agroya\"
		Debug.AspNetCompiler.TargetPath = "PrecompiledWeb\localhost_52095\"
		Debug.AspNetCompiler.Updateable = "true"
		Debug.AspNetCompiler.ForceOverwrite = "true"
		Debug.AspNetCompiler.FixedNames = "false"
		Debug.AspNetCompiler.Debug = "True"
		Release.AspNetCompiler.VirtualPath = "/localhost_52095"
		Release.AspNetCompiler.PhysicalPath = "Agroya\"
		Release.AspNetCompiler.TargetPath = "PrecompiledWeb\localhost_52095\"
		Release.AspNetCompiler.Updateable = "true"
		Release.AspNetCompiler.ForceOverwrite = "true"
		Release.AspNetCompiler.FixedNames = "false"
		Release.AspNetCompiler.Debug = "False"
		VWDPort = "52095"
		SlnRelativePath = "Agroya\"
		DefaultWebSiteLanguage = "Visual C#"
	EndProjectSection
EndProject
Global
	GlobalSection(SolutionConfigurationPlatforms) = preSolution
		Debug|Any CPU = Debug|Any CPU
	EndGlobalSection
	GlobalSection(ProjectConfigurationPlatforms) = postSolution
		{0EB69CBE-8872-455A-B8D9-62138E717A9C}.Debug|Any CPU.ActiveCfg = Debug|Any CPU
		{0EB69CBE-8872-455A-B8D9-62138E717A9C}.Debug|Any CPU.Build.0 = Debug|Any CPU
	EndGlobalSection
	GlobalSection(SolutionProperties) = preSolution
		HideSolutionNode = FALSE
	EndGlobalSection
	GlobalSection(ExtensibilityGlobals) = postSolution
		SolutionGuid = {CA2EE2F2-F435-49BF-8D48-2D2B220DD311}
	EndGlobalSection
EndGlobal
